<?xml version="1.0" encoding="utf-8"?>
<Project ToolsVersion="4.0" xmlns="http://schemas.microsoft.com/developer/msbuild/2003">
  <ItemGroup>
    <Filter Include="Classes">
      <UniqueIdentifier>{532a2622-fb11-4cdd-96f4-1f7cc4fd7939}</UniqueIdentifier>
    </Filter>
    <Filter Include="Classes\Gameplay">
      <UniqueIdentifier>{4b4625a6-9863-49f4-9be4-84f60ea21b3e}</UniqueIdentifier>
    </Filter>
    <Filter Include="Classes\Gameplay\Backend">
      <UniqueIdentifier>{bed84d89-3e92-43cc-bf84-d8d2759cf960}</UniqueIdentifier>
    </Filter>
    <Filter Include="Classes\Gameplay\Backend\AI">
      <UniqueIdentifier>{0e028fe2-7381-476a-a68a-e524e7f7b77e}</UniqueIdentifier>
    </Filter>
    <Filter Include="Classes\Gameplay\Backend\Primitives">
      <UniqueIdentifier>{af9cf17a-814b-4ddc-ad49-e47ca40f84d2}</UniqueIdentifier>
    </Filter>
    <Filter Include="Classes\Gameplay\Backend\Statistics">
      <UniqueIdentifier>{9b2d5a69-1ff8-4c97-9839-db68a3c13967}</UniqueIdentifier>
    </Filter>
    <Filter Include="Classes\Gameplay\Frontend">
      <UniqueIdentifier>{6ad79e5f-bcb4-402b-83b6-1367d68422df}</UniqueIdentifier>
    </Filter>
    <Filter Include="Classes\Input">
      <UniqueIdentifier>{c416c11f-0864-4a22-9b9c-ac7e5e0f91d0}</UniqueIdentifier>
    </Filter>
    <Filter Include="Classes\Input\Touch">
      <UniqueIdentifier>{0bf72723-e273-4fe6-a0ed-11ed107d7e26}</UniqueIdentifier>
    </Filter>
    <Filter Include="Classes\Input\Keyboard">
      <UniqueIdentifier>{5f73dec9-9cfc-4c69-b1de-d3f1b37f73d2}</UniqueIdentifier>
    </Filter>
    <Filter Include="Classes\Menu">
      <UniqueIdentifier>{99355734-8985-4ffe-95c0-1e720ee48cd1}</UniqueIdentifier>
    </Filter>
    <Filter Include="ProjectWindows">
      <UniqueIdentifier>{363f7ff4-1323-466d-ab88-8e1227ceed7b}</UniqueIdentifier>
    </Filter>
    <Filter Include="Classes\Gameplay\Frontend\Map">
      <UniqueIdentifier>{07165ddf-719f-46ae-9196-536f083ea4f9}</UniqueIdentifier>
    </Filter>
    <Filter Include="Classes\Gameplay\Frontend\Sprites">
      <UniqueIdentifier>{5b313cb0-d052-4769-ad78-269a140e7aed}</UniqueIdentifier>
    </Filter>
    <Filter Include="Classes\Gameplay\Frontend\Buttons">
      <UniqueIdentifier>{06a7ea3c-f80c-4bcc-b755-e59395be57d9}</UniqueIdentifier>
    </Filter>
  </ItemGroup>
  <ItemGroup>
    <ClCompile Include="..\Classes\AppDelegate.cpp">
      <Filter>Classes</Filter>
    </ClCompile>
    <ClCompile Include="..\Classes\GameOverScene.cpp">
      <Filter>Classes</Filter>
    </ClCompile>
    <ClCompile Include="..\Classes\GameplayScene.cpp">
      <Filter>Classes</Filter>
    </ClCompile>
    <ClCompile Include="..\Classes\Gameplay\Backend\GameObject.cpp">
      <Filter>Classes\Gameplay\Backend</Filter>
    </ClCompile>
    <ClCompile Include="..\Classes\Gameplay\Backend\GameState.cpp">
      <Filter>Classes\Gameplay\Backend</Filter>
    </ClCompile>
    <ClCompile Include="..\Classes\Gameplay\Backend\GameStateUpdater.cpp">
      <Filter>Classes\Gameplay\Backend</Filter>
    </ClCompile>
    <ClCompile Include="..\Classes\Gameplay\Backend\Logic.cpp">
      <Filter>Classes\Gameplay\Backend</Filter>
    </ClCompile>
    <ClCompile Include="..\Classes\Gameplay\Backend\Mediator.cpp">
      <Filter>Classes\Gameplay\Backend</Filter>
    </ClCompile>
    <ClCompile Include="..\Classes\Gameplay\Backend\Obstacle.cpp">
      <Filter>Classes\Gameplay\Backend</Filter>
    </ClCompile>
    <ClCompile Include="..\Classes\Gameplay\Backend\Sprite.cpp">
      <Filter>Classes\Gameplay\Backend</Filter>
    </ClCompile>
    <ClCompile Include="..\Classes\Gameplay\Backend\AI\AI.cpp">
      <Filter>Classes\Gameplay\Backend\AI</Filter>
    </ClCompile>
    <ClCompile Include="..\Classes\Gameplay\Backend\AI\FollowAI.cpp">
      <Filter>Classes\Gameplay\Backend\AI</Filter>
    </ClCompile>
    <ClCompile Include="..\Classes\Gameplay\Backend\Primitives\Coordinates.cpp">
      <Filter>Classes\Gameplay\Backend\Primitives</Filter>
    </ClCompile>
    <ClCompile Include="..\Classes\Gameplay\Backend\Primitives\Rectangle.cpp">
      <Filter>Classes\Gameplay\Backend\Primitives</Filter>
    </ClCompile>
    <ClCompile Include="..\Classes\Gameplay\Backend\Statistics\AchievementContainer.cpp">
      <Filter>Classes\Gameplay\Backend\Statistics</Filter>
    </ClCompile>
    <ClCompile Include="..\Classes\Gameplay\Backend\Statistics\Achievements.cpp">
      <Filter>Classes\Gameplay\Backend\Statistics</Filter>
    </ClCompile>
    <ClCompile Include="..\Classes\Gameplay\Backend\Statistics\GameAchievements.cpp">
      <Filter>Classes\Gameplay\Backend\Statistics</Filter>
    </ClCompile>
    <ClCompile Include="..\Classes\Gameplay\Backend\Statistics\Statistics.cpp">
      <Filter>Classes\Gameplay\Backend\Statistics</Filter>
    </ClCompile>
    <ClCompile Include="..\Classes\Gameplay\Backend\Statistics\StatisticsUpdater.cpp">
      <Filter>Classes\Gameplay\Backend\Statistics</Filter>
    </ClCompile>
    <ClCompile Include="..\Classes\Input\ControlLayer.cpp">
      <Filter>Classes\Input</Filter>
    </ClCompile>
    <ClCompile Include="..\Classes\Input\Touch\Joystick.cpp">
      <Filter>Classes\Input\Touch</Filter>
    </ClCompile>
    <ClCompile Include="..\Classes\Input\Keyboard\Keyboard.cpp">
      <Filter>Classes\Input\Keyboard</Filter>
    </ClCompile>
    <ClCompile Include="..\Classes\Menu\CreditsLayer.cpp">
      <Filter>Classes\Menu</Filter>
    </ClCompile>
    <ClCompile Include="..\Classes\Menu\MainMenuLayer.cpp">
      <Filter>Classes\Menu</Filter>
    </ClCompile>
    <ClCompile Include="..\Classes\Menu\SettingsLayer.cpp">
      <Filter>Classes\Menu</Filter>
    </ClCompile>
    <ClCompile Include="..\Classes\Gameplay\Backend\BBomb.cpp">
      <Filter>Classes\Gameplay\Backend</Filter>
    </ClCompile>
    <ClCompile Include="..\ProjWindows\Main.cpp">
      <Filter>ProjectWindows</Filter>
    </ClCompile>
    <ClCompile Include="..\Classes\Gameplay\Backend\Effect.cpp">
      <Filter>Classes\Gameplay\Backend</Filter>
    </ClCompile>
    <ClCompile Include="..\Classes\Gameplay\Frontend\Map\Bomb.cpp">
      <Filter>Classes\Gameplay\Frontend\Map</Filter>
    </ClCompile>
    <ClCompile Include="..\Classes\Gameplay\Frontend\Map\Explosion.cpp">
      <Filter>Classes\Gameplay\Frontend\Map</Filter>
    </ClCompile>
    <ClCompile Include="..\Classes\Gameplay\Frontend\Map\Map.cpp">
      <Filter>Classes\Gameplay\Frontend\Map</Filter>
    </ClCompile>
    <ClCompile Include="..\Classes\Gameplay\Frontend\Sprites\GameSprite.cpp">
      <Filter>Classes\Gameplay\Frontend\Sprites</Filter>
    </ClCompile>
    <ClCompile Include="..\Classes\Gameplay\Frontend\Sprites\Human.cpp">
      <Filter>Classes\Gameplay\Frontend\Sprites</Filter>
    </ClCompile>
    <ClCompile Include="..\Classes\Gameplay\Backend\Portal.cpp">
      <Filter>Classes\Gameplay\Backend</Filter>
    </ClCompile>
    <ClCompile Include="..\Classes\Gameplay\Frontend\Buttons\AchievementButton.cpp">
      <Filter>Classes\Gameplay\Frontend\Buttons</Filter>
    </ClCompile>
    <ClCompile Include="..\Classes\Gameplay\Frontend\Buttons\ControlButton.cpp">
      <Filter>Classes\Gameplay\Frontend\Buttons</Filter>
    </ClCompile>
    <ClCompile Include="..\Classes\Gameplay\Frontend\Buttons\EffectButton.cpp">
      <Filter>Classes\Gameplay\Frontend\Buttons</Filter>
    </ClCompile>
    <ClCompile Include="..\Classes\Gameplay\Frontend\Buttons\GameButton.cpp">
      <Filter>Classes\Gameplay\Frontend\Buttons</Filter>
    </ClCompile>
    <ClCompile Include="..\Classes\Gameplay\Frontend\ButtonLayer.cpp">
      <Filter>Classes\Gameplay\Frontend</Filter>
    </ClCompile>
    <ClCompile Include="..\Classes\Gameplay\Frontend\GUIUpdater.cpp">
      <Filter>Classes\Gameplay\Frontend</Filter>
    </ClCompile>
    <ClCompile Include="..\Classes\Gameplay\Frontend\LevelLayer.cpp">
      <Filter>Classes\Gameplay\Frontend</Filter>
    </ClCompile>
  </ItemGroup>
  <ItemGroup>
    <ClInclude Include="..\Classes\AppDelegate.h">
      <Filter>Classes</Filter>
    </ClInclude>
    <ClInclude Include="..\Classes\Constants.h">
      <Filter>Classes</Filter>
    </ClInclude>
    <ClInclude Include="..\Classes\GameOverScene.h">
      <Filter>Classes</Filter>
    </ClInclude>
    <ClInclude Include="..\Classes\GameplayScene.h">
      <Filter>Classes</Filter>
    </ClInclude>
    <ClInclude Include="..\Classes\Gameplay\Backend\AISprite.h">
      <Filter>Classes\Gameplay\Backend</Filter>
    </ClInclude>
    <ClInclude Include="..\Classes\Gameplay\Backend\Bomber.h">
      <Filter>Classes\Gameplay\Backend</Filter>
    </ClInclude>
    <ClInclude Include="..\Classes\Gameplay\Backend\Effect.h">
      <Filter>Classes\Gameplay\Backend</Filter>
    </ClInclude>
    <ClInclude Include="..\Classes\Gameplay\Backend\ExplodableObject.h">
      <Filter>Classes\Gameplay\Backend</Filter>
    </ClInclude>
    <ClInclude Include="..\Classes\Gameplay\Backend\GameObject.h">
      <Filter>Classes\Gameplay\Backend</Filter>
    </ClInclude>
    <ClInclude Include="..\Classes\Gameplay\Backend\GameState.h">
      <Filter>Classes\Gameplay\Backend</Filter>
    </ClInclude>
    <ClInclude Include="..\Classes\Gameplay\Backend\GameStateChange.h">
      <Filter>Classes\Gameplay\Backend</Filter>
    </ClInclude>
    <ClInclude Include="..\Classes\Gameplay\Backend\GameStateLayer.h">
      <Filter>Classes\Gameplay\Backend</Filter>
    </ClInclude>
    <ClInclude Include="..\Classes\Gameplay\Backend\GameStateUpdater.h">
      <Filter>Classes\Gameplay\Backend</Filter>
    </ClInclude>
    <ClInclude Include="..\Classes\Gameplay\Backend\Logic.h">
      <Filter>Classes\Gameplay\Backend</Filter>
    </ClInclude>
    <ClInclude Include="..\Classes\Gameplay\Backend\Macros.h">
      <Filter>Classes\Gameplay\Backend</Filter>
    </ClInclude>
    <ClInclude Include="..\Classes\Gameplay\Backend\Mediator.h">
      <Filter>Classes\Gameplay\Backend</Filter>
    </ClInclude>
    <ClInclude Include="..\Classes\Gameplay\Backend\Obstacle.h">
      <Filter>Classes\Gameplay\Backend</Filter>
    </ClInclude>
    <ClInclude Include="..\Classes\Gameplay\Backend\Portal.h">
      <Filter>Classes\Gameplay\Backend</Filter>
    </ClInclude>
    <ClInclude Include="..\Classes\Gameplay\Backend\PortalExit.h">
      <Filter>Classes\Gameplay\Backend</Filter>
    </ClInclude>
    <ClInclude Include="..\Classes\Gameplay\Backend\Sprite.h">
      <Filter>Classes\Gameplay\Backend</Filter>
    </ClInclude>
    <ClInclude Include="..\Classes\Gameplay\Backend\SpriteAttributes.h">
      <Filter>Classes\Gameplay\Backend</Filter>
    </ClInclude>
    <ClInclude Include="..\Classes\Gameplay\Backend\AI\AI.h">
      <Filter>Classes\Gameplay\Backend\AI</Filter>
    </ClInclude>
    <ClInclude Include="..\Classes\Gameplay\Backend\AI\FollowAI.h">
      <Filter>Classes\Gameplay\Backend\AI</Filter>
    </ClInclude>
    <ClInclude Include="..\Classes\Gameplay\Backend\Primitives\Circle.h">
      <Filter>Classes\Gameplay\Backend\Primitives</Filter>
    </ClInclude>
    <ClInclude Include="..\Classes\Gameplay\Backend\Primitives\Coordinates.h">
      <Filter>Classes\Gameplay\Backend\Primitives</Filter>
    </ClInclude>
    <ClInclude Include="..\Classes\Gameplay\Backend\Primitives\Position.h">
      <Filter>Classes\Gameplay\Backend\Primitives</Filter>
    </ClInclude>
    <ClInclude Include="..\Classes\Gameplay\Backend\Primitives\Rectangle.h">
      <Filter>Classes\Gameplay\Backend\Primitives</Filter>
    </ClInclude>
    <ClInclude Include="..\Classes\Gameplay\Backend\Primitives\Size.h">
      <Filter>Classes\Gameplay\Backend\Primitives</Filter>
    </ClInclude>
    <ClInclude Include="..\Classes\Gameplay\Backend\Statistics\AchievementContainer.h">
      <Filter>Classes\Gameplay\Backend\Statistics</Filter>
    </ClInclude>
    <ClInclude Include="..\Classes\Gameplay\Backend\Statistics\Achievements.h">
      <Filter>Classes\Gameplay\Backend\Statistics</Filter>
    </ClInclude>
    <ClInclude Include="..\Classes\Gameplay\Backend\Statistics\GameAchievements.h">
      <Filter>Classes\Gameplay\Backend\Statistics</Filter>
    </ClInclude>
    <ClInclude Include="..\Classes\Gameplay\Backend\Statistics\Statistics.h">
      <Filter>Classes\Gameplay\Backend\Statistics</Filter>
    </ClInclude>
    <ClInclude Include="..\Classes\Gameplay\Backend\Statistics\StatisticsUpdater.h">
      <Filter>Classes\Gameplay\Backend\Statistics</Filter>
    </ClInclude>
    <ClInclude Include="..\Classes\Input\ActionDelegates.h">
      <Filter>Classes\Input</Filter>
    </ClInclude>
    <ClInclude Include="..\Classes\Input\ActionDispatcher.h">
      <Filter>Classes\Input</Filter>
    </ClInclude>
    <ClInclude Include="..\Classes\Input\ControlLayer.h">
      <Filter>Classes\Input</Filter>
    </ClInclude>
    <ClInclude Include="..\Classes\Input\GameController.h">
      <Filter>Classes\Input</Filter>
    </ClInclude>
    <ClInclude Include="..\Classes\Input\Touch\Joystick.h">
      <Filter>Classes\Input\Touch</Filter>
    </ClInclude>
    <ClInclude Include="..\Classes\Input\Keyboard\Keyboard.h">
      <Filter>Classes\Input\Keyboard</Filter>
    </ClInclude>
    <ClInclude Include="..\Classes\Menu\CreditsLayer.h">
      <Filter>Classes\Menu</Filter>
    </ClInclude>
    <ClInclude Include="..\Classes\Menu\MainMenuLayer.h">
      <Filter>Classes\Menu</Filter>
    </ClInclude>
    <ClInclude Include="..\Classes\Menu\SettingsLayer.h">
      <Filter>Classes\Menu</Filter>
    </ClInclude>
    <ClInclude Include="..\Classes\Gameplay\Backend\BBomb.h">
      <Filter>Classes\Gameplay\Backend</Filter>
    </ClInclude>
    <ClInclude Include="..\ProjWindows\Main.h">
      <Filter>ProjectWindows</Filter>
    </ClInclude>
    <ClInclude Include="..\Classes\Gameplay\Frontend\Map\Bomb.h">
      <Filter>Classes\Gameplay\Frontend\Map</Filter>
    </ClInclude>
    <ClInclude Include="..\Classes\Gameplay\Frontend\Map\Explosion.h">
      <Filter>Classes\Gameplay\Frontend\Map</Filter>
    </ClInclude>
    <ClInclude Include="..\Classes\Gameplay\Frontend\Map\Map.h">
      <Filter>Classes\Gameplay\Frontend\Map</Filter>
    </ClInclude>
    <ClInclude Include="..\Classes\Gameplay\Frontend\Sprites\GameSprite.h">
      <Filter>Classes\Gameplay\Frontend\Sprites</Filter>
    </ClInclude>
    <ClInclude Include="..\Classes\Gameplay\Frontend\Sprites\Human.h">
      <Filter>Classes\Gameplay\Frontend\Sprites</Filter>
    </ClInclude>
    <ClInclude Include="..\Classes\Gameplay\Frontend\Buttons\AchievementButton.h">
      <Filter>Classes\Gameplay\Frontend\Buttons</Filter>
    </ClInclude>
    <ClInclude Include="..\Classes\Gameplay\Frontend\Buttons\ControlButton.h">
      <Filter>Classes\Gameplay\Frontend\Buttons</Filter>
    </ClInclude>
    <ClInclude Include="..\Classes\Gameplay\Frontend\Buttons\EffectButton.h">
      <Filter>Classes\Gameplay\Frontend\Buttons</Filter>
    </ClInclude>
    <ClInclude Include="..\Classes\Gameplay\Frontend\Buttons\GameButton.h">
      <Filter>Classes\Gameplay\Frontend\Buttons</Filter>
    </ClInclude>
    <ClInclude Include="..\Classes\Gameplay\Frontend\ButtonLayer.h">
      <Filter>Classes\Gameplay\Frontend</Filter>
    </ClInclude>
    <ClInclude Include="..\Classes\Gameplay\Frontend\GUIConstants.h">
      <Filter>Classes\Gameplay\Frontend</Filter>
    </ClInclude>
    <ClInclude Include="..\Classes\Gameplay\Frontend\GUIUpdater.h">
      <Filter>Classes\Gameplay\Frontend</Filter>
    </ClInclude>
    <ClInclude Include="..\Classes\Gameplay\Frontend\LevelLayer.h">
      <Filter>Classes\Gameplay\Frontend</Filter>
    </ClInclude>
  </ItemGroup>
</Project>