<?xml version="1.0" encoding="utf-8"?>
<Project ToolsVersion="4.0" xmlns="http://schemas.microsoft.com/developer/msbuild/2003">
  <ItemGroup>
    <Filter Include="Classes">
      <UniqueIdentifier>{532a2622-fb11-4cdd-96f4-1f7cc4fd7939}</UniqueIdentifier>
    </Filter>
    <Filter Include="ProjectWindows">
      <UniqueIdentifier>{363f7ff4-1323-466d-ab88-8e1227ceed7b}</UniqueIdentifier>
    </Filter>
    <Filter Include="Lib">
      <UniqueIdentifier>{f621f278-f86b-41ef-8f9a-89534764d4c6}</UniqueIdentifier>
    </Filter>
    <Filter Include="Classes\Backend">
      <UniqueIdentifier>{5d85c652-4fc0-4eb4-8029-56800c39f723}</UniqueIdentifier>
    </Filter>
    <Filter Include="Classes\Common">
      <UniqueIdentifier>{dfa7f5d3-b3bd-4910-8685-70730f384a93}</UniqueIdentifier>
    </Filter>
    <Filter Include="Classes\Frontend">
      <UniqueIdentifier>{15222a7b-f5b9-457c-bfab-25b59d042f79}</UniqueIdentifier>
    </Filter>
    <Filter Include="Classes\Input">
      <UniqueIdentifier>{c60f6d27-ccd0-4b6a-91fb-ba8caa5f1467}</UniqueIdentifier>
    </Filter>
    <Filter Include="Classes\Menu">
      <UniqueIdentifier>{3eba5d9c-5bd8-45cc-a397-89ff2a181588}</UniqueIdentifier>
    </Filter>
    <Filter Include="Classes\Middend">
      <UniqueIdentifier>{584b8179-1578-46ea-adb2-979725ed011f}</UniqueIdentifier>
    </Filter>
    <Filter Include="Classes\Backend\AI">
      <UniqueIdentifier>{9fb390e9-f947-492e-8a7d-41021643121b}</UniqueIdentifier>
    </Filter>
    <Filter Include="Classes\Backend\GameObjects">
      <UniqueIdentifier>{2a486395-d4a1-4108-ae46-24550d3161f6}</UniqueIdentifier>
    </Filter>
    <Filter Include="Classes\Backend\GameState">
      <UniqueIdentifier>{db368145-246e-4623-a7a8-ba6d5c783568}</UniqueIdentifier>
    </Filter>
    <Filter Include="Classes\Backend\Interactions">
      <UniqueIdentifier>{c301abd1-2e91-4286-b076-7d4c5e1b2dd9}</UniqueIdentifier>
    </Filter>
    <Filter Include="Classes\Backend\Statistics">
      <UniqueIdentifier>{4fc30073-3758-438f-870c-4939a55422ec}</UniqueIdentifier>
    </Filter>
    <Filter Include="Classes\Backend\GameObjects\Sprites">
      <UniqueIdentifier>{69b74b03-e998-4f21-9bcd-f738ccaef9d0}</UniqueIdentifier>
    </Filter>
    <Filter Include="Classes\Common\Cache">
      <UniqueIdentifier>{349543e9-4abb-4b8b-adc2-c5905578cdc4}</UniqueIdentifier>
    </Filter>
    <Filter Include="Classes\Common\GameState">
      <UniqueIdentifier>{2cb4c91a-ef9a-479a-85ab-3e263714e4a5}</UniqueIdentifier>
    </Filter>
    <Filter Include="Classes\Common\Storage">
      <UniqueIdentifier>{2eeda575-c648-44ff-8b8a-95dc8030e087}</UniqueIdentifier>
    </Filter>
    <Filter Include="Classes\Common\Primitives">
      <UniqueIdentifier>{c4e1365e-10a3-4911-9e5f-c3b410790082}</UniqueIdentifier>
    </Filter>
    <Filter Include="Classes\Frontend\Buttons">
      <UniqueIdentifier>{ac68c398-41e7-4baf-9a6e-55b43d1057f0}</UniqueIdentifier>
    </Filter>
    <Filter Include="Classes\Frontend\Cache">
      <UniqueIdentifier>{f69e358f-b097-411b-96ec-02040e5e1330}</UniqueIdentifier>
    </Filter>
    <Filter Include="Classes\Frontend\Map">
      <UniqueIdentifier>{64b125a7-e88a-4b5c-b0cf-d6f0c7d8d5bd}</UniqueIdentifier>
    </Filter>
    <Filter Include="Classes\Frontend\Sprites">
      <UniqueIdentifier>{3c717f34-1170-458a-bba0-5a2949393f47}</UniqueIdentifier>
    </Filter>
    <Filter Include="Classes\Frontend\Primitives">
      <UniqueIdentifier>{8fc00a43-c5ba-49ed-9373-984ffff10e7b}</UniqueIdentifier>
    </Filter>
    <Filter Include="Classes\Input\Keyboard">
      <UniqueIdentifier>{46479cef-4ba7-4a83-bf30-4c7868c059c7}</UniqueIdentifier>
    </Filter>
    <Filter Include="Classes\Input\Touch">
      <UniqueIdentifier>{d08b7c1d-e588-4244-8ec8-aea2e4c4090d}</UniqueIdentifier>
    </Filter>
    <Filter Include="Classes\Frontend\Statistics">
      <UniqueIdentifier>{169fe1e3-7bfb-453e-b551-36c2d9709a2e}</UniqueIdentifier>
    </Filter>
    <Filter Include="Classes\Backend\GameObjects\Sprites\Mobs">
      <UniqueIdentifier>{dac131da-bee3-459a-a68a-9234fb343fac}</UniqueIdentifier>
    </Filter>
    <Filter Include="Classes\Frontend\Layers">
      <UniqueIdentifier>{15946a3e-d173-486c-8c11-928b314860f0}</UniqueIdentifier>
    </Filter>
  </ItemGroup>
  <ItemGroup>
    <ClCompile Include="..\ProjWindows\Main.cpp">
      <Filter>ProjectWindows</Filter>
    </ClCompile>
    <ClCompile Include="..\..\lib\dirent\dirent.c">
      <Filter>Lib</Filter>
    </ClCompile>
    <ClCompile Include="..\Classes\Backend\AI\AI.cpp">
      <Filter>Classes\Backend\AI</Filter>
    </ClCompile>
    <ClCompile Include="..\Classes\Backend\AI\FollowAI.cpp">
      <Filter>Classes\Backend\AI</Filter>
    </ClCompile>
    <ClCompile Include="..\Classes\Backend\GameObjects\Sprites\Sprite.cpp">
      <Filter>Classes\Backend\GameObjects\Sprites</Filter>
    </ClCompile>
    <ClCompile Include="..\Classes\Backend\GameObjects\BBomb.cpp">
      <Filter>Classes\Backend\GameObjects</Filter>
    </ClCompile>
    <ClCompile Include="..\Classes\Backend\GameObjects\Effect.cpp">
      <Filter>Classes\Backend\GameObjects</Filter>
    </ClCompile>
    <ClCompile Include="..\Classes\Backend\GameObjects\GameObject.cpp">
      <Filter>Classes\Backend\GameObjects</Filter>
    </ClCompile>
    <ClCompile Include="..\Classes\Backend\GameObjects\Obstacle.cpp">
      <Filter>Classes\Backend\GameObjects</Filter>
    </ClCompile>
    <ClCompile Include="..\Classes\Backend\GameObjects\Portal.cpp">
      <Filter>Classes\Backend\GameObjects</Filter>
    </ClCompile>
    <ClCompile Include="..\Classes\Backend\GameState\GameStateUpdater.cpp">
      <Filter>Classes\Backend\GameState</Filter>
    </ClCompile>
    <ClCompile Include="..\Classes\Backend\Interactions\Movement.cpp">
      <Filter>Classes\Backend\Interactions</Filter>
    </ClCompile>
    <ClCompile Include="..\Classes\Backend\Statistics\AchievementContainer.cpp">
      <Filter>Classes\Backend\Statistics</Filter>
    </ClCompile>
    <ClCompile Include="..\Classes\Backend\Statistics\Achievements.cpp">
      <Filter>Classes\Backend\Statistics</Filter>
    </ClCompile>
    <ClCompile Include="..\Classes\Backend\Statistics\GameAchievements.cpp">
      <Filter>Classes\Backend\Statistics</Filter>
    </ClCompile>
    <ClCompile Include="..\Classes\Backend\Statistics\Statistics.cpp">
      <Filter>Classes\Backend\Statistics</Filter>
    </ClCompile>
    <ClCompile Include="..\Classes\Backend\Statistics\StatisticsUpdater.cpp">
      <Filter>Classes\Backend\Statistics</Filter>
    </ClCompile>
    <ClCompile Include="..\Classes\Backend\Logic.cpp">
      <Filter>Classes\Backend</Filter>
    </ClCompile>
    <ClCompile Include="..\Classes\Backend\Mediator.cpp">
      <Filter>Classes\Backend</Filter>
    </ClCompile>
    <ClCompile Include="..\Classes\Common\Cache\ObjectCache.cpp">
      <Filter>Classes\Common\Cache</Filter>
    </ClCompile>
    <ClCompile Include="..\Classes\Common\GameState\GameState.cpp">
      <Filter>Classes\Common\GameState</Filter>
    </ClCompile>
    <ClCompile Include="..\Classes\Common\Storage\XMLStorage.cpp">
      <Filter>Classes\Common\Storage</Filter>
    </ClCompile>
    <ClCompile Include="..\Classes\Common\Primitives\Coordinates.cpp">
      <Filter>Classes\Common\Primitives</Filter>
    </ClCompile>
    <ClCompile Include="..\Classes\Common\Primitives\Rectangle.cpp">
      <Filter>Classes\Common\Primitives</Filter>
    </ClCompile>
    <ClCompile Include="..\Classes\Frontend\Buttons\AchievementButton.cpp">
      <Filter>Classes\Frontend\Buttons</Filter>
    </ClCompile>
    <ClCompile Include="..\Classes\Frontend\Buttons\ControlButton.cpp">
      <Filter>Classes\Frontend\Buttons</Filter>
    </ClCompile>
    <ClCompile Include="..\Classes\Frontend\Buttons\EffectButton.cpp">
      <Filter>Classes\Frontend\Buttons</Filter>
    </ClCompile>
    <ClCompile Include="..\Classes\Frontend\Buttons\GameButton.cpp">
      <Filter>Classes\Frontend\Buttons</Filter>
    </ClCompile>
    <ClCompile Include="..\Classes\Frontend\Cache\GUICache.cpp">
      <Filter>Classes\Frontend\Cache</Filter>
    </ClCompile>
    <ClCompile Include="..\Classes\Frontend\Map\Explosion.cpp">
      <Filter>Classes\Frontend\Map</Filter>
    </ClCompile>
    <ClCompile Include="..\Classes\Frontend\Map\Map.cpp">
      <Filter>Classes\Frontend\Map</Filter>
    </ClCompile>
    <ClCompile Include="..\Classes\Frontend\Collisions.cpp">
      <Filter>Classes\Frontend</Filter>
    </ClCompile>
    <ClCompile Include="..\Classes\Frontend\GUIUpdater.cpp">
      <Filter>Classes\Frontend</Filter>
    </ClCompile>
    <ClCompile Include="..\Classes\Frontend\LevelLayer.cpp">
      <Filter>Classes\Frontend</Filter>
    </ClCompile>
    <ClCompile Include="..\Classes\Input\Keyboard\Keyboard.cpp">
      <Filter>Classes\Input\Keyboard</Filter>
    </ClCompile>
    <ClCompile Include="..\Classes\Input\Touch\Joystick.cpp">
      <Filter>Classes\Input\Touch</Filter>
    </ClCompile>
    <ClCompile Include="..\Classes\Input\ControlLayer.cpp">
      <Filter>Classes\Input</Filter>
    </ClCompile>
    <ClCompile Include="..\Classes\Menu\CreditsLayer.cpp">
      <Filter>Classes\Menu</Filter>
    </ClCompile>
    <ClCompile Include="..\Classes\Menu\LevelSelectLayer.cpp">
      <Filter>Classes\Menu</Filter>
    </ClCompile>
    <ClCompile Include="..\Classes\Menu\MainMenuLayer.cpp">
      <Filter>Classes\Menu</Filter>
    </ClCompile>
    <ClCompile Include="..\Classes\Menu\PlayersSelectLayer.cpp">
      <Filter>Classes\Menu</Filter>
    </ClCompile>
    <ClCompile Include="..\Classes\Menu\SettingsLayer.cpp">
      <Filter>Classes\Menu</Filter>
    </ClCompile>
    <ClCompile Include="..\Classes\Middend\NetClient.cpp">
      <Filter>Classes\Middend</Filter>
    </ClCompile>
    <ClCompile Include="..\Classes\Middend\server.cpp">
      <Filter>Classes\Middend</Filter>
    </ClCompile>
    <ClCompile Include="..\Classes\AppDelegate.cpp">
      <Filter>Classes</Filter>
    </ClCompile>
    <ClCompile Include="..\Classes\Configuration.cpp">
      <Filter>Classes</Filter>
    </ClCompile>
    <ClCompile Include="..\Classes\GameOverScene.cpp">
      <Filter>Classes</Filter>
    </ClCompile>
    <ClCompile Include="..\Classes\GameplayScene.cpp">
      <Filter>Classes</Filter>
    </ClCompile>
    <ClCompile Include="..\Classes\Backend\AI\Actions.cpp">
      <Filter>Classes\Backend\AI</Filter>
    </ClCompile>
    <ClCompile Include="..\Classes\Backend\AI\AdvancedAI.cpp">
      <Filter>Classes\Backend\AI</Filter>
    </ClCompile>
    <ClCompile Include="..\Classes\Frontend\Statistics\FStatistics.cpp">
      <Filter>Classes\Frontend\Statistics</Filter>
    </ClCompile>
    <ClCompile Include="..\Classes\Backend\GameObjects\Sprites\AdvancedSprite.cpp">
      <Filter>Classes\Backend\GameObjects\Sprites</Filter>
    </ClCompile>
    <ClCompile Include="..\Classes\Frontend\Layers\ButtonLayer.cpp">
      <Filter>Classes\Frontend\Layers</Filter>
    </ClCompile>
    <ClCompile Include="..\Classes\Frontend\Layers\FLayers.cpp">
      <Filter>Classes\Frontend\Layers</Filter>
    </ClCompile>
    <ClCompile Include="..\Classes\Frontend\Buttons\Bubble.cpp">
      <Filter>Classes\Frontend\Buttons</Filter>
    </ClCompile>
    <ClCompile Include="..\Classes\Frontend\Sprites\ActionSprite.cpp">
      <Filter>Classes\Frontend\Sprites</Filter>
    </ClCompile>
    <ClCompile Include="..\Classes\Frontend\Sprites\Human.cpp">
      <Filter>Classes\Frontend\Sprites</Filter>
    </ClCompile>
    <ClCompile Include="..\Classes\Frontend\Sprites\SpriteCreator.cpp">
      <Filter>Classes\Frontend\Sprites</Filter>
    </ClCompile>
    <ClCompile Include="..\Classes\Common\Utils.cpp">
      <Filter>Classes\Common</Filter>
    </ClCompile>
    <ClCompile Include="..\Classes\Params.cpp">
      <Filter>Classes</Filter>
    </ClCompile>
  </ItemGroup>
  <ItemGroup>
    <ClInclude Include="..\ProjWindows\Main.h">
      <Filter>ProjectWindows</Filter>
    </ClInclude>
    <ClInclude Include="..\..\lib\dirent\dirent.h">
      <Filter>Lib</Filter>
    </ClInclude>
    <ClInclude Include="..\Classes\Backend\AI\AI.h">
      <Filter>Classes\Backend\AI</Filter>
    </ClInclude>
    <ClInclude Include="..\Classes\Backend\AI\FollowAI.h">
      <Filter>Classes\Backend\AI</Filter>
    </ClInclude>
    <ClInclude Include="..\Classes\Backend\GameObjects\Sprites\Bomber.h">
      <Filter>Classes\Backend\GameObjects\Sprites</Filter>
    </ClInclude>
    <ClInclude Include="..\Classes\Backend\GameObjects\Sprites\Sprite.h">
      <Filter>Classes\Backend\GameObjects\Sprites</Filter>
    </ClInclude>
    <ClInclude Include="..\Classes\Backend\GameObjects\Sprites\SpriteAttributes.h">
      <Filter>Classes\Backend\GameObjects\Sprites</Filter>
    </ClInclude>
    <ClInclude Include="..\Classes\Backend\GameObjects\BBomb.h">
      <Filter>Classes\Backend\GameObjects</Filter>
    </ClInclude>
    <ClInclude Include="..\Classes\Backend\GameObjects\Effect.h">
      <Filter>Classes\Backend\GameObjects</Filter>
    </ClInclude>
    <ClInclude Include="..\Classes\Backend\GameObjects\GameObject.h">
      <Filter>Classes\Backend\GameObjects</Filter>
    </ClInclude>
    <ClInclude Include="..\Classes\Backend\GameObjects\Obstacle.h">
      <Filter>Classes\Backend\GameObjects</Filter>
    </ClInclude>
    <ClInclude Include="..\Classes\Backend\GameObjects\Portal.h">
      <Filter>Classes\Backend\GameObjects</Filter>
    </ClInclude>
    <ClInclude Include="..\Classes\Backend\GameObjects\PortalExit.h">
      <Filter>Classes\Backend\GameObjects</Filter>
    </ClInclude>
    <ClInclude Include="..\Classes\Backend\GameObjects\Switch.h">
      <Filter>Classes\Backend\GameObjects</Filter>
    </ClInclude>
    <ClInclude Include="..\Classes\Backend\GameState\GameStateUpdater.h">
      <Filter>Classes\Backend\GameState</Filter>
    </ClInclude>
    <ClInclude Include="..\Classes\Backend\Interactions\Movement.h">
      <Filter>Classes\Backend\Interactions</Filter>
    </ClInclude>
    <ClInclude Include="..\Classes\Backend\Statistics\AchievementContainer.h">
      <Filter>Classes\Backend\Statistics</Filter>
    </ClInclude>
    <ClInclude Include="..\Classes\Backend\Statistics\Achievements.h">
      <Filter>Classes\Backend\Statistics</Filter>
    </ClInclude>
    <ClInclude Include="..\Classes\Backend\Statistics\GameAchievements.h">
      <Filter>Classes\Backend\Statistics</Filter>
    </ClInclude>
    <ClInclude Include="..\Classes\Backend\Statistics\Statistics.h">
      <Filter>Classes\Backend\Statistics</Filter>
    </ClInclude>
    <ClInclude Include="..\Classes\Backend\Statistics\StatisticsUpdater.h">
      <Filter>Classes\Backend\Statistics</Filter>
    </ClInclude>
    <ClInclude Include="..\Classes\Backend\Logic.h">
      <Filter>Classes\Backend</Filter>
    </ClInclude>
    <ClInclude Include="..\Classes\Backend\Mediator.h">
      <Filter>Classes\Backend</Filter>
    </ClInclude>
    <ClInclude Include="..\Classes\Common\Cache\CachableObject.h">
      <Filter>Classes\Common\Cache</Filter>
    </ClInclude>
    <ClInclude Include="..\Classes\Common\Cache\ObjectCache.h">
      <Filter>Classes\Common\Cache</Filter>
    </ClInclude>
    <ClInclude Include="..\Classes\Common\GameState\GameState.h">
      <Filter>Classes\Common\GameState</Filter>
    </ClInclude>
    <ClInclude Include="..\Classes\Common\GameState\GameStateChange.h">
      <Filter>Classes\Common\GameState</Filter>
    </ClInclude>
    <ClInclude Include="..\Classes\Common\GameState\GameStateLayer.h">
      <Filter>Classes\Common\GameState</Filter>
    </ClInclude>
    <ClInclude Include="..\Classes\Common\Storage\XMLStorage.h">
      <Filter>Classes\Common\Storage</Filter>
    </ClInclude>
    <ClInclude Include="..\Classes\Common\Primitives\Circle.h">
      <Filter>Classes\Common\Primitives</Filter>
    </ClInclude>
    <ClInclude Include="..\Classes\Common\Primitives\ConnectionType.h">
      <Filter>Classes\Common\Primitives</Filter>
    </ClInclude>
    <ClInclude Include="..\Classes\Common\Primitives\Coordinates.h">
      <Filter>Classes\Common\Primitives</Filter>
    </ClInclude>
    <ClInclude Include="..\Classes\Common\Primitives\Direction.h">
      <Filter>Classes\Common\Primitives</Filter>
    </ClInclude>
    <ClInclude Include="..\Classes\Common\Primitives\Position.h">
      <Filter>Classes\Common\Primitives</Filter>
    </ClInclude>
    <ClInclude Include="..\Classes\Common\Primitives\Rectangle.h">
      <Filter>Classes\Common\Primitives</Filter>
    </ClInclude>
    <ClInclude Include="..\Classes\Common\Primitives\Size.h">
      <Filter>Classes\Common\Primitives</Filter>
    </ClInclude>
    <ClInclude Include="..\Classes\Frontend\Buttons\AchievementButton.h">
      <Filter>Classes\Frontend\Buttons</Filter>
    </ClInclude>
    <ClInclude Include="..\Classes\Frontend\Buttons\ControlButton.h">
      <Filter>Classes\Frontend\Buttons</Filter>
    </ClInclude>
    <ClInclude Include="..\Classes\Frontend\Buttons\EffectButton.h">
      <Filter>Classes\Frontend\Buttons</Filter>
    </ClInclude>
    <ClInclude Include="..\Classes\Frontend\Buttons\GameButton.h">
      <Filter>Classes\Frontend\Buttons</Filter>
    </ClInclude>
    <ClInclude Include="..\Classes\Frontend\Cache\GUICache.h">
      <Filter>Classes\Frontend\Cache</Filter>
    </ClInclude>
    <ClInclude Include="..\Classes\Frontend\Map\Explosion.h">
      <Filter>Classes\Frontend\Map</Filter>
    </ClInclude>
    <ClInclude Include="..\Classes\Frontend\Map\Map.h">
      <Filter>Classes\Frontend\Map</Filter>
    </ClInclude>
    <ClInclude Include="..\Classes\Frontend\Primitives\AnimationHelper.h">
      <Filter>Classes\Frontend\Primitives</Filter>
    </ClInclude>
    <ClInclude Include="..\Classes\Frontend\Primitives\CollisionArea.h">
      <Filter>Classes\Frontend\Primitives</Filter>
    </ClInclude>
    <ClInclude Include="..\Classes\Frontend\Primitives\MenuHelper.h">
      <Filter>Classes\Frontend\Primitives</Filter>
    </ClInclude>
    <ClInclude Include="..\Classes\Frontend\Collisions.h">
      <Filter>Classes\Frontend</Filter>
    </ClInclude>
    <ClInclude Include="..\Classes\Frontend\GUIConstants.h">
      <Filter>Classes\Frontend</Filter>
    </ClInclude>
    <ClInclude Include="..\Classes\Frontend\GUIUpdater.h">
      <Filter>Classes\Frontend</Filter>
    </ClInclude>
    <ClInclude Include="..\Classes\Frontend\LevelLayer.h">
      <Filter>Classes\Frontend</Filter>
    </ClInclude>
    <ClInclude Include="..\Classes\Input\Keyboard\Keyboard.h">
      <Filter>Classes\Input\Keyboard</Filter>
    </ClInclude>
    <ClInclude Include="..\Classes\Input\Touch\Joystick.h">
      <Filter>Classes\Input\Touch</Filter>
    </ClInclude>
    <ClInclude Include="..\Classes\Input\ActionDelegates.h">
      <Filter>Classes\Input</Filter>
    </ClInclude>
    <ClInclude Include="..\Classes\Input\ActionDispatcher.h">
      <Filter>Classes\Input</Filter>
    </ClInclude>
    <ClInclude Include="..\Classes\Input\ControlLayer.h">
      <Filter>Classes\Input</Filter>
    </ClInclude>
    <ClInclude Include="..\Classes\Input\GameController.h">
      <Filter>Classes\Input</Filter>
    </ClInclude>
    <ClInclude Include="..\Classes\Menu\CreditsLayer.h">
      <Filter>Classes\Menu</Filter>
    </ClInclude>
    <ClInclude Include="..\Classes\Menu\LevelSelectLayer.h">
      <Filter>Classes\Menu</Filter>
    </ClInclude>
    <ClInclude Include="..\Classes\Menu\MainMenuLayer.h">
      <Filter>Classes\Menu</Filter>
    </ClInclude>
    <ClInclude Include="..\Classes\Menu\PlayersSelectLayer.h">
      <Filter>Classes\Menu</Filter>
    </ClInclude>
    <ClInclude Include="..\Classes\Menu\SettingsLayer.h">
      <Filter>Classes\Menu</Filter>
    </ClInclude>
    <ClInclude Include="..\Classes\Middend\NetClient.h">
      <Filter>Classes\Middend</Filter>
    </ClInclude>
    <ClInclude Include="..\Classes\Middend\server.h">
      <Filter>Classes\Middend</Filter>
    </ClInclude>
    <ClInclude Include="..\Classes\AppDelegate.h">
      <Filter>Classes</Filter>
    </ClInclude>
    <ClInclude Include="..\Classes\Configuration.h">
      <Filter>Classes</Filter>
    </ClInclude>
    <ClInclude Include="..\Classes\Constants.h">
      <Filter>Classes</Filter>
    </ClInclude>
    <ClInclude Include="..\Classes\GameOverScene.h">
      <Filter>Classes</Filter>
    </ClInclude>
    <ClInclude Include="..\Classes\GameplayScene.h">
      <Filter>Classes</Filter>
    </ClInclude>
    <ClInclude Include="..\Classes\Macros.h">
      <Filter>Classes</Filter>
    </ClInclude>
    <ClInclude Include="..\Classes\Backend\AI\Actions.h">
      <Filter>Classes\Backend\AI</Filter>
    </ClInclude>
    <ClInclude Include="..\Classes\Backend\AI\AdvancedAI.h">
      <Filter>Classes\Backend\AI</Filter>
    </ClInclude>
    <ClInclude Include="..\Classes\Backend\AI\ScriptedSprite.h">
      <Filter>Classes\Backend\AI</Filter>
    </ClInclude>
    <ClInclude Include="..\Classes\Frontend\Statistics\FStatistics.h">
      <Filter>Classes\Frontend\Statistics</Filter>
    </ClInclude>
    <ClInclude Include="..\Classes\Backend\GameObjects\Sprites\AdvancedSprite.h">
      <Filter>Classes\Backend\GameObjects\Sprites</Filter>
    </ClInclude>
    <ClInclude Include="..\Classes\Backend\GameObjects\Sprites\Mobs\ScriptedMob.h">
      <Filter>Classes\Backend\GameObjects\Sprites\Mobs</Filter>
    </ClInclude>
    <ClInclude Include="..\Classes\Backend\GameObjects\Sprites\Mobs\SmartMob.h">
      <Filter>Classes\Backend\GameObjects\Sprites\Mobs</Filter>
    </ClInclude>
    <ClInclude Include="..\Classes\Frontend\Layers\ButtonLayer.h">
      <Filter>Classes\Frontend\Layers</Filter>
    </ClInclude>
    <ClInclude Include="..\Classes\Frontend\Layers\FLayers.h">
      <Filter>Classes\Frontend\Layers</Filter>
    </ClInclude>
    <ClInclude Include="..\Classes\Frontend\Buttons\Bubble.h">
      <Filter>Classes\Frontend\Buttons</Filter>
    </ClInclude>
    <ClInclude Include="..\Classes\Frontend\Sprites\ActionSprite.h">
      <Filter>Classes\Frontend\Sprites</Filter>
    </ClInclude>
    <ClInclude Include="..\Classes\Frontend\Sprites\Human.h">
      <Filter>Classes\Frontend\Sprites</Filter>
    </ClInclude>
    <ClInclude Include="..\Classes\Frontend\Sprites\SpriteCreator.h">
      <Filter>Classes\Frontend\Sprites</Filter>
    </ClInclude>
    <ClInclude Include="..\Classes\Common\Utils.h">
      <Filter>Classes\Common</Filter>
    </ClInclude>
    <ClInclude Include="..\Classes\Params.h">
      <Filter>Classes</Filter>
    </ClInclude>
    <ClInclude Include="..\Classes\Backend\GameObjects\Text.h">
      <Filter>Classes\Backend\GameObjects</Filter>
    </ClInclude>
  </ItemGroup>
</Project>